
Microsoft Visual Studio Solution File, Format Version 12.00
# Visual Studio Version 17
VisualStudioVersion = 17.5.002.0
MinimumVisualStudioVersion = 10.0.40219.1
Project("{9A19103F-16F7-4668-BE54-9A1E7A4F7556}") = "Blazor_Books", "Blazor_Books.csproj", "{78D377BE-62CE-48C8-BEE6-6DDC7CDE9652}"
EndProject
Global
	GlobalSection(SolutionConfigurationPlatforms) = preSolution
		Debug|Any CPU = Debug|Any CPU
		Release|Any CPU = Release|Any CPU
	EndGlobalSection
	GlobalSection(ProjectConfigurationPlatforms) = postSolution
		{78D377BE-62CE-48C8-BEE6-6DDC7CDE9652}.Debug|Any CPU.ActiveCfg = Debug|Any CPU
		{78D377BE-62CE-48C8-BEE6-6DDC7CDE9652}.Debug|Any CPU.Build.0 = Debug|Any CPU
		{78D377BE-62CE-48C8-BEE6-6DDC7CDE9652}.Release|Any CPU.ActiveCfg = Release|Any CPU
		{78D377BE-62CE-48C8-BEE6-6DDC7CDE9652}.Release|Any CPU.Build.0 = Release|Any CPU
	EndGlobalSection
	GlobalSection(SolutionProperties) = preSolution
		HideSolutionNode = FALSE
	EndGlobalSection
	GlobalSection(ExtensibilityGlobals) = postSolution
		SolutionGuid = {CE84C9FD-3A7D-43F3-A220-051F63B4E39B}
	EndGlobalSection
EndGlobal
